
Microsoft Visual Studio Solution File, Format Version 12.00
# Visual Studio Version 16
VisualStudioVersion = 16.0.29709.97
MinimumVisualStudioVersion = 10.0.40219.1
Project("{FAE04EC0-301F-11D3-BF4B-00C04F79EFBC}") = "GoogleMap", "GoogleMap\GoogleMap.csproj", "{9F12327C-3154-430F-B55D-E39501B21257}"
EndProject
Global
	GlobalSection(SolutionConfigurationPlatforms) = preSolution
		Debug|Any CPU = Debug|Any CPU
		Release|Any CPU = Release|Any CPU
	EndGlobalSection
	GlobalSection(ProjectConfigurationPlatforms) = postSolution
		{9F12327C-3154-430F-B55D-E39501B21257}.Debug|Any CPU.ActiveCfg = Debug|Any CPU
		{9F12327C-3154-430F-B55D-E39501B21257}.Debug|Any CPU.Build.0 = Debug|Any CPU
		{9F12327C-3154-430F-B55D-E39501B21257}.Release|Any CPU.ActiveCfg = Release|Any CPU
		{9F12327C-3154-430F-B55D-E39501B21257}.Release|Any CPU.Build.0 = Release|Any CPU
	EndGlobalSection
	GlobalSection(SolutionProperties) = preSolution
		HideSolutionNode = FALSE
	EndGlobalSection
	GlobalSection(ExtensibilityGlobals) = postSolution
		SolutionGuid = {887ED148-BD9E-47F0-ADED-BC0DB0831171}
	EndGlobalSection
EndGlobal
